<Solution>
  <Folder Name="/Solution Items/">
    <File Path=".editorconfig" />
  </Folder>
  <Folder Name="/test/">
    <Project Path="FirstWebApplication.ControllerTests/FirstWebApplication.ControllerTests.csproj" Id="4bc4a603-8a79-4653-9501-1cfcce1619c6" />
    <Project Path="FirstWebApplication.IntegrationTests/FirstWebApplication.IntegrationTests.csproj" Id="01cdb6a0-0379-42c7-b8a7-0490a17007e8" />
    <Project Path="FirstWebApplication.ServiceTests/FirstWebApplication.ServiceTests.csproj" Id="338f679e-3932-44ca-92ae-df59bc01faee" />
  </Folder>
  <Project Path="Common/Common.csproj" Id="5da1ad97-08cf-4e77-8093-28d291a43f15" />
  <Project Path="Entities/Entities.csproj" Id="da7013d5-0e46-4438-944d-d51412cd6fb2" />
  <Project Path="Exceptions/Exceptions.csproj" Id="bc94fd7a-f11e-4bcd-8d6a-e77f78aa19bd" />
  <Project Path="FirstWebApplication/FirstWebApplication.csproj" />
  <Project Path="Repositories/Repositories.csproj" Id="86f91595-4747-449f-b44a-078465e3595e" />
  <Project Path="RepositoryContracts/RepositoryContracts.csproj" Id="e7a72f01-cece-4abf-bffc-4f33c3495bd4" />
  <Project Path="ServiceContracts/ServiceContracts.csproj" Id="0eea7f2a-f89c-4de2-ba09-0857f2cd6523" />
  <Project Path="Services/Services.csproj" Id="d2c92e1a-bf3e-4ec0-be29-af69bc8cb661" />
  <Project Path="Tests/Tests.csproj" Id="b00b5706-7fc5-4723-9567-1df6503f163a" />
</Solution>
