<Solution>
  <Folder Name="/Solution Items/">
    <File Path=".editorconfig" />
  </Folder>
  <Project Path="FirstWebApplication/FirstWebApplication.csproj" />
  <Project Path="ServiceContracts/ServiceContracts.csproj" Id="0eea7f2a-f89c-4de2-ba09-0857f2cd6523" />
  <Project Path="Services/Services.csproj" Id="d2c92e1a-bf3e-4ec0-be29-af69bc8cb661" />
</Solution>
